// !$*UTF8*$!
{
	archiveVersion = 1;
	classes = {
	};
	objectVersion = 46;
	objects = {

/* Begin PBXBuildFile section */
		210EB9B0146C22E0005FE7C9 /* UIAlertView+Teracode.h in Headers */ = {isa = PBXBuildFile; fileRef = 210EB9AE146C22E0005FE7C9 /* UIAlertView+Teracode.h */; };
		210EB9B1146C22E0005FE7C9 /* UIAlertView+Teracode.m in Sources */ = {isa = PBXBuildFile; fileRef = 210EB9AF146C22E0005FE7C9 /* UIAlertView+Teracode.m */; };
		210EB9B9146C2412005FE7C9 /* UIView+Teracode.h in Headers */ = {isa = PBXBuildFile; fileRef = 210EB9B7146C2412005FE7C9 /* UIView+Teracode.h */; };
		210EB9BA146C2412005FE7C9 /* UIView+Teracode.m in Sources */ = {isa = PBXBuildFile; fileRef = 210EB9B8146C2412005FE7C9 /* UIView+Teracode.m */; };
		210EB9F1146C38DB005FE7C9 /* TCSingleton.h in Headers */ = {isa = PBXBuildFile; fileRef = 210EB9EF146C38DB005FE7C9 /* TCSingleton.h */; };
		210EB9F2146C38DB005FE7C9 /* TCSingleton.m in Sources */ = {isa = PBXBuildFile; fileRef = 210EB9F0146C38DB005FE7C9 /* TCSingleton.m */; };
		216C633B14715AFC001289C2 /* UIView+TestCategoryView.h in Headers */ = {isa = PBXBuildFile; fileRef = 216C633914715AFB001289C2 /* UIView+TestCategoryView.h */; };
		216C633C14715AFC001289C2 /* UIView+TestCategoryView.m in Sources */ = {isa = PBXBuildFile; fileRef = 216C633A14715AFB001289C2 /* UIView+TestCategoryView.m */; };
		218104E11460756E000BBDB9 /* TCLockUI.h in Headers */ = {isa = PBXBuildFile; fileRef = 218104DF1460756E000BBDB9 /* TCLockUI.h */; };
		218104E21460756E000BBDB9 /* TCLockUI.m in Sources */ = {isa = PBXBuildFile; fileRef = 218104E01460756E000BBDB9 /* TCLockUI.m */; };
		388B98FE14588125007990DE /* TCGridCellView.h in Headers */ = {isa = PBXBuildFile; fileRef = 388B98F614588125007990DE /* TCGridCellView.h */; };
		388B98FF14588125007990DE /* TCGridCellView.m in Sources */ = {isa = PBXBuildFile; fileRef = 388B98F714588125007990DE /* TCGridCellView.m */; };
		388B990014588125007990DE /* TCGridCellView+GridView.h in Headers */ = {isa = PBXBuildFile; fileRef = 388B98F814588125007990DE /* TCGridCellView+GridView.h */; };
		388B990114588125007990DE /* TCGridCellViewDelegate.h in Headers */ = {isa = PBXBuildFile; fileRef = 388B98F914588125007990DE /* TCGridCellViewDelegate.h */; };
		388B990214588125007990DE /* TCGridView.h in Headers */ = {isa = PBXBuildFile; fileRef = 388B98FA14588125007990DE /* TCGridView.h */; };
		388B990314588125007990DE /* TCGridView.m in Sources */ = {isa = PBXBuildFile; fileRef = 388B98FB14588125007990DE /* TCGridView.m */; };
		388B990414588125007990DE /* TCGridViewDataSource.h in Headers */ = {isa = PBXBuildFile; fileRef = 388B98FC14588125007990DE /* TCGridViewDataSource.h */; };
		388B990514588125007990DE /* TCGridViewDelegate.h in Headers */ = {isa = PBXBuildFile; fileRef = 388B98FD14588125007990DE /* TCGridViewDelegate.h */; };
		9120E141142798750071ACD6 /* Foundation.framework in Frameworks */ = {isa = PBXBuildFile; fileRef = 9120E140142798750071ACD6 /* Foundation.framework */; };
		9120E14D142798750071ACD6 /* Foundation.framework in Frameworks */ = {isa = PBXBuildFile; fileRef = 9120E140142798750071ACD6 /* Foundation.framework */; };
		9120E14F142798750071ACD6 /* CoreGraphics.framework in Frameworks */ = {isa = PBXBuildFile; fileRef = 9120E14E142798750071ACD6 /* CoreGraphics.framework */; };
		9120E152142798750071ACD6 /* libTeracode.a in Frameworks */ = {isa = PBXBuildFile; fileRef = 9120E13D142798750071ACD6 /* libTeracode.a */; };
		9120E158142798750071ACD6 /* InfoPlist.strings in Resources */ = {isa = PBXBuildFile; fileRef = 9120E156142798750071ACD6 /* InfoPlist.strings */; };
		9120E15B142798750071ACD6 /* TeracodeTests.h in Resources */ = {isa = PBXBuildFile; fileRef = 9120E15A142798750071ACD6 /* TeracodeTests.h */; };
		9120E172142798B60071ACD6 /* TCAppDelegate.h in Headers */ = {isa = PBXBuildFile; fileRef = 9120E16F142798B60071ACD6 /* TCAppDelegate.h */; settings = {ATTRIBUTES = (); }; };
		9120E173142798B60071ACD6 /* TCAppDelegate.m in Sources */ = {isa = PBXBuildFile; fileRef = 9120E170142798B60071ACD6 /* TCAppDelegate.m */; };
		9120E174142798B60071ACD6 /* TCAppDelegate+SwitchViews.m in Sources */ = {isa = PBXBuildFile; fileRef = 9120E171142798B60071ACD6 /* TCAppDelegate+SwitchViews.m */; };
		9120E19514279BDD0071ACD6 /* TCBaseViewModel.h in Headers */ = {isa = PBXBuildFile; fileRef = 9120E19214279BDD0071ACD6 /* TCBaseViewModel.h */; settings = {ATTRIBUTES = (); }; };
		9120E19614279BDD0071ACD6 /* TCBaseViewModel.m in Sources */ = {isa = PBXBuildFile; fileRef = 9120E19314279BDD0071ACD6 /* TCBaseViewModel.m */; };
		9120E19714279BDD0071ACD6 /* TCViewModel.h in Headers */ = {isa = PBXBuildFile; fileRef = 9120E19414279BDD0071ACD6 /* TCViewModel.h */; settings = {ATTRIBUTES = (); }; };
		9120E19B1427A9050071ACD6 /* TCBaseViewController.h in Headers */ = {isa = PBXBuildFile; fileRef = 9120E1991427A9050071ACD6 /* TCBaseViewController.h */; settings = {ATTRIBUTES = (); }; };
		9120E19C1427A9050071ACD6 /* TCBaseViewController.m in Sources */ = {isa = PBXBuildFile; fileRef = 9120E19A1427A9050071ACD6 /* TCBaseViewController.m */; };
		9120E1A01427AC690071ACD6 /* UIKit.framework in Frameworks */ = {isa = PBXBuildFile; fileRef = 9120E19F1427AC690071ACD6 /* UIKit.framework */; };
		91FF41771430EB0A00293476 /* TCBaseListViewModel.h in Headers */ = {isa = PBXBuildFile; fileRef = 91FF41751430EB0A00293476 /* TCBaseListViewModel.h */; };
		91FF41781430EB0A00293476 /* TCBaseListViewModel.m in Sources */ = {isa = PBXBuildFile; fileRef = 91FF41761430EB0A00293476 /* TCBaseListViewModel.m */; };
		91FF418A1430FA3700293476 /* TCTableViewController.h in Headers */ = {isa = PBXBuildFile; fileRef = 91FF41881430FA3700293476 /* TCTableViewController.h */; };
		91FF418B1430FA3700293476 /* TCTableViewController.m in Sources */ = {isa = PBXBuildFile; fileRef = 91FF41891430FA3700293476 /* TCTableViewController.m */; };
		91FF418E1430FC1100293476 /* TCBaseListViewController.h in Headers */ = {isa = PBXBuildFile; fileRef = 91FF418C1430FC1100293476 /* TCBaseListViewController.h */; };
		91FF418F1430FC1100293476 /* TCBaseListViewController.m in Sources */ = {isa = PBXBuildFile; fileRef = 91FF418D1430FC1100293476 /* TCBaseListViewController.m */; };
		E48894F8146333B4007DE089 /* TCAPICall.h in Headers */ = {isa = PBXBuildFile; fileRef = E48894F0146333B4007DE089 /* TCAPICall.h */; };
		E48894F9146333B4007DE089 /* TCAPICall.m in Sources */ = {isa = PBXBuildFile; fileRef = E48894F1146333B4007DE089 /* TCAPICall.m */; };
		E48894FA146333B4007DE089 /* TCFetchAPICall.h in Headers */ = {isa = PBXBuildFile; fileRef = E48894F2146333B4007DE089 /* TCFetchAPICall.h */; };
		E48894FB146333B4007DE089 /* TCFetchAPICall.m in Sources */ = {isa = PBXBuildFile; fileRef = E48894F3146333B4007DE089 /* TCFetchAPICall.m */; };
		E48894FC146333B4007DE089 /* TCPaginatedListAPICall.h in Headers */ = {isa = PBXBuildFile; fileRef = E48894F4146333B4007DE089 /* TCPaginatedListAPICall.h */; };
		E48894FD146333B4007DE089 /* TCPaginatedListAPICall.m in Sources */ = {isa = PBXBuildFile; fileRef = E48894F5146333B4007DE089 /* TCPaginatedListAPICall.m */; };
		E48894FE146333B4007DE089 /* TCServerCRUDAPICall.h in Headers */ = {isa = PBXBuildFile; fileRef = E48894F6146333B4007DE089 /* TCServerCRUDAPICall.h */; };
		E48894FF146333B4007DE089 /* TCServerCRUDAPICall.m in Sources */ = {isa = PBXBuildFile; fileRef = E48894F7146333B4007DE089 /* TCServerCRUDAPICall.m */; };
		E4889507146333C4007DE089 /* TCJSONParser.h in Headers */ = {isa = PBXBuildFile; fileRef = E4889500146333C4007DE089 /* TCJSONParser.h */; };
		E4889508146333C4007DE089 /* TCJSONParser.m in Sources */ = {isa = PBXBuildFile; fileRef = E4889501146333C4007DE089 /* TCJSONParser.m */; };
		E488950B146333C4007DE089 /* TCParser.h in Headers */ = {isa = PBXBuildFile; fileRef = E4889504146333C4007DE089 /* TCParser.h */; };
		E488950C146333C4007DE089 /* TCTextParser.h in Headers */ = {isa = PBXBuildFile; fileRef = E4889505146333C4007DE089 /* TCTextParser.h */; };
		E488950D146333C4007DE089 /* TCTextParser.m in Sources */ = {isa = PBXBuildFile; fileRef = E4889506146333C4007DE089 /* TCTextParser.m */; };
		E4889520146333D4007DE089 /* TCAttachment.h in Headers */ = {isa = PBXBuildFile; fileRef = E488950E146333D4007DE089 /* TCAttachment.h */; };
		E4889521146333D4007DE089 /* TCAttachment.m in Sources */ = {isa = PBXBuildFile; fileRef = E488950F146333D4007DE089 /* TCAttachment.m */; };
		E4889522146333D4007DE089 /* TCFakeAPIRequest.h in Headers */ = {isa = PBXBuildFile; fileRef = E4889510146333D4007DE089 /* TCFakeAPIRequest.h */; };
		E4889523146333D4007DE089 /* TCFakeAPIRequest.m in Sources */ = {isa = PBXBuildFile; fileRef = E4889511146333D4007DE089 /* TCFakeAPIRequest.m */; };
		E4889524146333D4007DE089 /* TCFakeHTTPResponse.h in Headers */ = {isa = PBXBuildFile; fileRef = E4889512146333D4007DE089 /* TCFakeHTTPResponse.h */; };
		E4889525146333D4007DE089 /* TCFakeHTTPResponse.m in Sources */ = {isa = PBXBuildFile; fileRef = E4889513146333D4007DE089 /* TCFakeHTTPResponse.m */; };
		E4889526146333D4007DE089 /* TCHttpRequest.h in Headers */ = {isa = PBXBuildFile; fileRef = E4889514146333D4007DE089 /* TCHttpRequest.h */; };
		E4889527146333D4007DE089 /* TCHttpRequest.m in Sources */ = {isa = PBXBuildFile; fileRef = E4889515146333D4007DE089 /* TCHttpRequest.m */; };
		E4889528146333D4007DE089 /* TCNetworkJob.h in Headers */ = {isa = PBXBuildFile; fileRef = E4889516146333D4007DE089 /* TCNetworkJob.h */; };
		E4889529146333D4007DE089 /* TCNetworkJob.m in Sources */ = {isa = PBXBuildFile; fileRef = E4889517146333D4007DE089 /* TCNetworkJob.m */; };
		E488952A146333D4007DE089 /* TCNetworkManager.h in Headers */ = {isa = PBXBuildFile; fileRef = E4889518146333D4007DE089 /* TCNetworkManager.h */; };
		E488952B146333D4007DE089 /* TCNetworkManager.m in Sources */ = {isa = PBXBuildFile; fileRef = E4889519146333D4007DE089 /* TCNetworkManager.m */; };
		E488952C146333D4007DE089 /* TCReachability.h in Headers */ = {isa = PBXBuildFile; fileRef = E488951A146333D4007DE089 /* TCReachability.h */; };
		E488952D146333D4007DE089 /* TCReachability.m in Sources */ = {isa = PBXBuildFile; fileRef = E488951B146333D4007DE089 /* TCReachability.m */; };
		E488952E146333D4007DE089 /* TCRequest.h in Headers */ = {isa = PBXBuildFile; fileRef = E488951C146333D4007DE089 /* TCRequest.h */; };
		E488952F146333D4007DE089 /* TCRequest.m in Sources */ = {isa = PBXBuildFile; fileRef = E488951D146333D4007DE089 /* TCRequest.m */; };
		E4889530146333D4007DE089 /* TCRequestFactory.h in Headers */ = {isa = PBXBuildFile; fileRef = E488951E146333D4007DE089 /* TCRequestFactory.h */; };
		E4889531146333D4007DE089 /* TCRequestFactory.m in Sources */ = {isa = PBXBuildFile; fileRef = E488951F146333D4007DE089 /* TCRequestFactory.m */; };
		E488954014634096007DE089 /* JSON.h in Headers */ = {isa = PBXBuildFile; fileRef = E488953314634096007DE089 /* JSON.h */; };
		E488954114634096007DE089 /* NSObject+SBJSON.h in Headers */ = {isa = PBXBuildFile; fileRef = E488953414634096007DE089 /* NSObject+SBJSON.h */; };
		E488954214634096007DE089 /* NSObject+SBJSON.m in Sources */ = {isa = PBXBuildFile; fileRef = E488953514634096007DE089 /* NSObject+SBJSON.m */; };
		E488954314634096007DE089 /* NSString+SBJSON.h in Headers */ = {isa = PBXBuildFile; fileRef = E488953614634096007DE089 /* NSString+SBJSON.h */; };
		E488954414634096007DE089 /* NSString+SBJSON.m in Sources */ = {isa = PBXBuildFile; fileRef = E488953714634096007DE089 /* NSString+SBJSON.m */; };
		E488954514634096007DE089 /* TCSBJSON.h in Headers */ = {isa = PBXBuildFile; fileRef = E488953814634096007DE089 /* TCSBJSON.h */; };
		E488954614634096007DE089 /* TCSBJSON.m in Sources */ = {isa = PBXBuildFile; fileRef = E488953914634096007DE089 /* TCSBJSON.m */; };
		E488954714634096007DE089 /* TCSBJsonBase.h in Headers */ = {isa = PBXBuildFile; fileRef = E488953A14634096007DE089 /* TCSBJsonBase.h */; };
		E488954814634096007DE089 /* TCSBJsonBase.m in Sources */ = {isa = PBXBuildFile; fileRef = E488953B14634096007DE089 /* TCSBJsonBase.m */; };
		E488954914634096007DE089 /* TCSBJsonParser.h in Headers */ = {isa = PBXBuildFile; fileRef = E488953C14634096007DE089 /* TCSBJsonParser.h */; };
		E488954A14634096007DE089 /* TCSBJsonParser.m in Sources */ = {isa = PBXBuildFile; fileRef = E488953D14634096007DE089 /* TCSBJsonParser.m */; };
		E488954B14634096007DE089 /* TCSBJsonWriter.h in Headers */ = {isa = PBXBuildFile; fileRef = E488953E14634096007DE089 /* TCSBJsonWriter.h */; };
		E488954C14634096007DE089 /* TCSBJsonWriter.m in Sources */ = {isa = PBXBuildFile; fileRef = E488953F14634096007DE089 /* TCSBJsonWriter.m */; };
		E488955014645CF5007DE089 /* NSException+TeraCode.h in Headers */ = {isa = PBXBuildFile; fileRef = E488954E14645CF5007DE089 /* NSException+TeraCode.h */; };
		E488955114645CF5007DE089 /* NSException+TeraCode.m in Sources */ = {isa = PBXBuildFile; fileRef = E488954F14645CF5007DE089 /* NSException+TeraCode.m */; };
		E488955414647D1F007DE089 /* NSDictionary+TeraCode.h in Headers */ = {isa = PBXBuildFile; fileRef = E488955214647D1E007DE089 /* NSDictionary+TeraCode.h */; };
		E488955514647D1F007DE089 /* NSDictionary+TeraCode.m in Sources */ = {isa = PBXBuildFile; fileRef = E488955314647D1F007DE089 /* NSDictionary+TeraCode.m */; };
		E4C380221464C07A0011F6BC /* TCNullParser.h in Headers */ = {isa = PBXBuildFile; fileRef = E4C380201464C07A0011F6BC /* TCNullParser.h */; };
		E4C380231464C07A0011F6BC /* TCNullParser.m in Sources */ = {isa = PBXBuildFile; fileRef = E4C380211464C07A0011F6BC /* TCNullParser.m */; };
		E420F129146833E000F1F291 /* UIKit.framework in Frameworks */ = {isa = PBXBuildFile; fileRef = 9120E19F1427AC690071ACD6 /* UIKit.framework */; };
		E420F12A146833E000F1F291 /* Foundation.framework in Frameworks */ = {isa = PBXBuildFile; fileRef = 9120E140142798750071ACD6 /* Foundation.framework */; };
		E420F12B146833E000F1F291 /* CoreGraphics.framework in Frameworks */ = {isa = PBXBuildFile; fileRef = 9120E14E142798750071ACD6 /* CoreGraphics.framework */; };
		E420F131146833E000F1F291 /* InfoPlist.strings in Resources */ = {isa = PBXBuildFile; fileRef = E420F12F146833E000F1F291 /* InfoPlist.strings */; };
		E420F134146833E000F1F291 /* main.m in Sources */ = {isa = PBXBuildFile; fileRef = E420F133146833E000F1F291 /* main.m */; };
		E420F14E14683E8F00F1F291 /* GHUnitIOS.framework in Frameworks */ = {isa = PBXBuildFile; fileRef = E420F14D14683E8F00F1F291 /* GHUnitIOS.framework */; };
		E420F14F1468576700F1F291 /* TeracodeTests.m in Sources */ = {isa = PBXBuildFile; fileRef = 9120E15C142798750071ACD6 /* TeracodeTests.m */; };
		E420F1681468767300F1F291 /* TCTestCase.m in Sources */ = {isa = PBXBuildFile; fileRef = E420F1671468767300F1F291 /* TCTestCase.m */; };
		E420F19314697B2B00F1F291 /* libOCMock.a in Frameworks */ = {isa = PBXBuildFile; fileRef = E420F19214697B2B00F1F291 /* libOCMock.a */; };
/* End PBXBuildFile section */

/* Begin PBXContainerItemProxy section */
		9120E150142798750071ACD6 /* PBXContainerItemProxy */ = {
			isa = PBXContainerItemProxy;
			containerPortal = 9120E134142798740071ACD6 /* Project object */;
			proxyType = 1;
			remoteGlobalIDString = 9120E13C142798750071ACD6;
			remoteInfo = Teracode;
		};
/* End PBXContainerItemProxy section */

/* Begin PBXFileReference section */
		210EB9AE146C22E0005FE7C9 /* UIAlertView+Teracode.h */ = {isa = PBXFileReference; fileEncoding = 4; lastKnownFileType = sourcecode.c.h; path = "UIAlertView+Teracode.h"; sourceTree = "<group>"; };
		210EB9AF146C22E0005FE7C9 /* UIAlertView+Teracode.m */ = {isa = PBXFileReference; fileEncoding = 4; lastKnownFileType = sourcecode.c.objc; path = "UIAlertView+Teracode.m"; sourceTree = "<group>"; };
		210EB9B7146C2412005FE7C9 /* UIView+Teracode.h */ = {isa = PBXFileReference; fileEncoding = 4; lastKnownFileType = sourcecode.c.h; path = "UIView+Teracode.h"; sourceTree = "<group>"; };
		210EB9B8146C2412005FE7C9 /* UIView+Teracode.m */ = {isa = PBXFileReference; fileEncoding = 4; lastKnownFileType = sourcecode.c.objc; path = "UIView+Teracode.m"; sourceTree = "<group>"; };
		210EB9EF146C38DB005FE7C9 /* TCSingleton.h */ = {isa = PBXFileReference; fileEncoding = 4; lastKnownFileType = sourcecode.c.h; path = TCSingleton.h; sourceTree = "<group>"; };
		210EB9F0146C38DB005FE7C9 /* TCSingleton.m */ = {isa = PBXFileReference; fileEncoding = 4; lastKnownFileType = sourcecode.c.objc; path = TCSingleton.m; sourceTree = "<group>"; };
		216C633914715AFB001289C2 /* UIView+TestCategoryView.h */ = {isa = PBXFileReference; fileEncoding = 4; lastKnownFileType = sourcecode.c.h; path = "UIView+TestCategoryView.h"; sourceTree = "<group>"; };
		216C633A14715AFB001289C2 /* UIView+TestCategoryView.m */ = {isa = PBXFileReference; fileEncoding = 4; lastKnownFileType = sourcecode.c.objc; path = "UIView+TestCategoryView.m"; sourceTree = "<group>"; };
		218104DF1460756E000BBDB9 /* TCLockUI.h */ = {isa = PBXFileReference; fileEncoding = 4; lastKnownFileType = sourcecode.c.h; path = TCLockUI.h; sourceTree = "<group>"; };
		218104E01460756E000BBDB9 /* TCLockUI.m */ = {isa = PBXFileReference; fileEncoding = 4; lastKnownFileType = sourcecode.c.objc; path = TCLockUI.m; sourceTree = "<group>"; };
		388B98F614588125007990DE /* TCGridCellView.h */ = {isa = PBXFileReference; fileEncoding = 4; lastKnownFileType = sourcecode.c.h; name = TCGridCellView.h; path = Grid/TCGridCellView.h; sourceTree = "<group>"; };
		388B98F714588125007990DE /* TCGridCellView.m */ = {isa = PBXFileReference; fileEncoding = 4; lastKnownFileType = sourcecode.c.objc; name = TCGridCellView.m; path = Grid/TCGridCellView.m; sourceTree = "<group>"; };
		388B98F814588125007990DE /* TCGridCellView+GridView.h */ = {isa = PBXFileReference; fileEncoding = 4; lastKnownFileType = sourcecode.c.h; name = "TCGridCellView+GridView.h"; path = "Grid/TCGridCellView+GridView.h"; sourceTree = "<group>"; };
		388B98F914588125007990DE /* TCGridCellViewDelegate.h */ = {isa = PBXFileReference; fileEncoding = 4; lastKnownFileType = sourcecode.c.h; name = TCGridCellViewDelegate.h; path = Grid/TCGridCellViewDelegate.h; sourceTree = "<group>"; };
		388B98FA14588125007990DE /* TCGridView.h */ = {isa = PBXFileReference; fileEncoding = 4; lastKnownFileType = sourcecode.c.h; name = TCGridView.h; path = Grid/TCGridView.h; sourceTree = "<group>"; };
		388B98FB14588125007990DE /* TCGridView.m */ = {isa = PBXFileReference; fileEncoding = 4; lastKnownFileType = sourcecode.c.objc; name = TCGridView.m; path = Grid/TCGridView.m; sourceTree = "<group>"; };
		388B98FC14588125007990DE /* TCGridViewDataSource.h */ = {isa = PBXFileReference; fileEncoding = 4; lastKnownFileType = sourcecode.c.h; name = TCGridViewDataSource.h; path = Grid/TCGridViewDataSource.h; sourceTree = "<group>"; };
		388B98FD14588125007990DE /* TCGridViewDelegate.h */ = {isa = PBXFileReference; fileEncoding = 4; lastKnownFileType = sourcecode.c.h; name = TCGridViewDelegate.h; path = Grid/TCGridViewDelegate.h; sourceTree = "<group>"; };
		9120E13D142798750071ACD6 /* libTeracode.a */ = {isa = PBXFileReference; explicitFileType = archive.ar; includeInIndex = 0; path = libTeracode.a; sourceTree = BUILT_PRODUCTS_DIR; };
		9120E140142798750071ACD6 /* Foundation.framework */ = {isa = PBXFileReference; lastKnownFileType = wrapper.framework; name = Foundation.framework; path = System/Library/Frameworks/Foundation.framework; sourceTree = SDKROOT; };
		9120E144142798750071ACD6 /* Teracode-Prefix.pch */ = {isa = PBXFileReference; lastKnownFileType = sourcecode.c.h; path = "Teracode-Prefix.pch"; sourceTree = "<group>"; };
		9120E14A142798750071ACD6 /* TeracodeTests.octest */ = {isa = PBXFileReference; explicitFileType = wrapper.cfbundle; includeInIndex = 0; path = TeracodeTests.octest; sourceTree = BUILT_PRODUCTS_DIR; };
		9120E14E142798750071ACD6 /* CoreGraphics.framework */ = {isa = PBXFileReference; lastKnownFileType = wrapper.framework; name = CoreGraphics.framework; path = System/Library/Frameworks/CoreGraphics.framework; sourceTree = SDKROOT; };
		9120E155142798750071ACD6 /* TeracodeTests-Info.plist */ = {isa = PBXFileReference; lastKnownFileType = text.plist.xml; path = "TeracodeTests-Info.plist"; sourceTree = "<group>"; };
		9120E157142798750071ACD6 /* en */ = {isa = PBXFileReference; lastKnownFileType = text.plist.strings; name = en; path = en.lproj/InfoPlist.strings; sourceTree = "<group>"; };
		9120E159142798750071ACD6 /* TeracodeTests-Prefix.pch */ = {isa = PBXFileReference; lastKnownFileType = sourcecode.c.h; path = "TeracodeTests-Prefix.pch"; sourceTree = "<group>"; };
		9120E15A142798750071ACD6 /* TeracodeTests.h */ = {isa = PBXFileReference; lastKnownFileType = sourcecode.c.h; path = TeracodeTests.h; sourceTree = "<group>"; };
		9120E15C142798750071ACD6 /* TeracodeTests.m */ = {isa = PBXFileReference; lastKnownFileType = sourcecode.c.objc; path = TeracodeTests.m; sourceTree = "<group>"; };
		9120E16F142798B60071ACD6 /* TCAppDelegate.h */ = {isa = PBXFileReference; fileEncoding = 4; lastKnownFileType = sourcecode.c.h; path = TCAppDelegate.h; sourceTree = "<group>"; };
		9120E170142798B60071ACD6 /* TCAppDelegate.m */ = {isa = PBXFileReference; fileEncoding = 4; lastKnownFileType = sourcecode.c.objc; path = TCAppDelegate.m; sourceTree = "<group>"; };
		9120E171142798B60071ACD6 /* TCAppDelegate+SwitchViews.m */ = {isa = PBXFileReference; fileEncoding = 4; lastKnownFileType = sourcecode.c.objc; path = "TCAppDelegate+SwitchViews.m"; sourceTree = "<group>"; };
		9120E19214279BDD0071ACD6 /* TCBaseViewModel.h */ = {isa = PBXFileReference; fileEncoding = 4; lastKnownFileType = sourcecode.c.h; path = TCBaseViewModel.h; sourceTree = "<group>"; };
		9120E19314279BDD0071ACD6 /* TCBaseViewModel.m */ = {isa = PBXFileReference; fileEncoding = 4; lastKnownFileType = sourcecode.c.objc; path = TCBaseViewModel.m; sourceTree = "<group>"; };
		9120E19414279BDD0071ACD6 /* TCViewModel.h */ = {isa = PBXFileReference; fileEncoding = 4; lastKnownFileType = sourcecode.c.h; path = TCViewModel.h; sourceTree = "<group>"; };
		9120E1991427A9050071ACD6 /* TCBaseViewController.h */ = {isa = PBXFileReference; fileEncoding = 4; lastKnownFileType = sourcecode.c.h; path = TCBaseViewController.h; sourceTree = "<group>"; };
		9120E19A1427A9050071ACD6 /* TCBaseViewController.m */ = {isa = PBXFileReference; fileEncoding = 4; lastKnownFileType = sourcecode.c.objc; path = TCBaseViewController.m; sourceTree = "<group>"; };
		9120E19F1427AC690071ACD6 /* UIKit.framework */ = {isa = PBXFileReference; lastKnownFileType = wrapper.framework; name = UIKit.framework; path = System/Library/Frameworks/UIKit.framework; sourceTree = SDKROOT; };
		91FF41751430EB0A00293476 /* TCBaseListViewModel.h */ = {isa = PBXFileReference; fileEncoding = 4; lastKnownFileType = sourcecode.c.h; path = TCBaseListViewModel.h; sourceTree = "<group>"; };
		91FF41761430EB0A00293476 /* TCBaseListViewModel.m */ = {isa = PBXFileReference; fileEncoding = 4; lastKnownFileType = sourcecode.c.objc; path = TCBaseListViewModel.m; sourceTree = "<group>"; };
		91FF41881430FA3700293476 /* TCTableViewController.h */ = {isa = PBXFileReference; fileEncoding = 4; lastKnownFileType = sourcecode.c.h; path = TCTableViewController.h; sourceTree = "<group>"; };
		91FF41891430FA3700293476 /* TCTableViewController.m */ = {isa = PBXFileReference; fileEncoding = 4; lastKnownFileType = sourcecode.c.objc; path = TCTableViewController.m; sourceTree = "<group>"; };
		91FF418C1430FC1100293476 /* TCBaseListViewController.h */ = {isa = PBXFileReference; fileEncoding = 4; lastKnownFileType = sourcecode.c.h; path = TCBaseListViewController.h; sourceTree = "<group>"; };
		91FF418D1430FC1100293476 /* TCBaseListViewController.m */ = {isa = PBXFileReference; fileEncoding = 4; lastKnownFileType = sourcecode.c.objc; path = TCBaseListViewController.m; sourceTree = "<group>"; };
		E48894F0146333B4007DE089 /* TCAPICall.h */ = {isa = PBXFileReference; fileEncoding = 4; lastKnownFileType = sourcecode.c.h; path = TCAPICall.h; sourceTree = "<group>"; };
		E48894F1146333B4007DE089 /* TCAPICall.m */ = {isa = PBXFileReference; fileEncoding = 4; lastKnownFileType = sourcecode.c.objc; path = TCAPICall.m; sourceTree = "<group>"; };
		E48894F2146333B4007DE089 /* TCFetchAPICall.h */ = {isa = PBXFileReference; fileEncoding = 4; lastKnownFileType = sourcecode.c.h; path = TCFetchAPICall.h; sourceTree = "<group>"; };
		E48894F3146333B4007DE089 /* TCFetchAPICall.m */ = {isa = PBXFileReference; fileEncoding = 4; lastKnownFileType = sourcecode.c.objc; path = TCFetchAPICall.m; sourceTree = "<group>"; };
		E48894F4146333B4007DE089 /* TCPaginatedListAPICall.h */ = {isa = PBXFileReference; fileEncoding = 4; lastKnownFileType = sourcecode.c.h; path = TCPaginatedListAPICall.h; sourceTree = "<group>"; };
		E48894F5146333B4007DE089 /* TCPaginatedListAPICall.m */ = {isa = PBXFileReference; fileEncoding = 4; lastKnownFileType = sourcecode.c.objc; path = TCPaginatedListAPICall.m; sourceTree = "<group>"; };
		E48894F6146333B4007DE089 /* TCServerCRUDAPICall.h */ = {isa = PBXFileReference; fileEncoding = 4; lastKnownFileType = sourcecode.c.h; path = TCServerCRUDAPICall.h; sourceTree = "<group>"; };
		E48894F7146333B4007DE089 /* TCServerCRUDAPICall.m */ = {isa = PBXFileReference; fileEncoding = 4; lastKnownFileType = sourcecode.c.objc; path = TCServerCRUDAPICall.m; sourceTree = "<group>"; };
		E4889500146333C4007DE089 /* TCJSONParser.h */ = {isa = PBXFileReference; fileEncoding = 4; lastKnownFileType = sourcecode.c.h; path = TCJSONParser.h; sourceTree = "<group>"; };
		E4889501146333C4007DE089 /* TCJSONParser.m */ = {isa = PBXFileReference; fileEncoding = 4; lastKnownFileType = sourcecode.c.objc; path = TCJSONParser.m; sourceTree = "<group>"; };
		E4889504146333C4007DE089 /* TCParser.h */ = {isa = PBXFileReference; fileEncoding = 4; lastKnownFileType = sourcecode.c.h; path = TCParser.h; sourceTree = "<group>"; };
		E4889505146333C4007DE089 /* TCTextParser.h */ = {isa = PBXFileReference; fileEncoding = 4; lastKnownFileType = sourcecode.c.h; path = TCTextParser.h; sourceTree = "<group>"; };
		E4889506146333C4007DE089 /* TCTextParser.m */ = {isa = PBXFileReference; fileEncoding = 4; lastKnownFileType = sourcecode.c.objc; path = TCTextParser.m; sourceTree = "<group>"; };
		E488950E146333D4007DE089 /* TCAttachment.h */ = {isa = PBXFileReference; fileEncoding = 4; lastKnownFileType = sourcecode.c.h; path = TCAttachment.h; sourceTree = "<group>"; };
		E488950F146333D4007DE089 /* TCAttachment.m */ = {isa = PBXFileReference; fileEncoding = 4; lastKnownFileType = sourcecode.c.objc; path = TCAttachment.m; sourceTree = "<group>"; };
		E4889510146333D4007DE089 /* TCFakeAPIRequest.h */ = {isa = PBXFileReference; fileEncoding = 4; lastKnownFileType = sourcecode.c.h; path = TCFakeAPIRequest.h; sourceTree = "<group>"; };
		E4889511146333D4007DE089 /* TCFakeAPIRequest.m */ = {isa = PBXFileReference; fileEncoding = 4; lastKnownFileType = sourcecode.c.objc; path = TCFakeAPIRequest.m; sourceTree = "<group>"; };
		E4889512146333D4007DE089 /* TCFakeHTTPResponse.h */ = {isa = PBXFileReference; fileEncoding = 4; lastKnownFileType = sourcecode.c.h; path = TCFakeHTTPResponse.h; sourceTree = "<group>"; };
		E4889513146333D4007DE089 /* TCFakeHTTPResponse.m */ = {isa = PBXFileReference; fileEncoding = 4; lastKnownFileType = sourcecode.c.objc; path = TCFakeHTTPResponse.m; sourceTree = "<group>"; };
		E4889514146333D4007DE089 /* TCHttpRequest.h */ = {isa = PBXFileReference; fileEncoding = 4; lastKnownFileType = sourcecode.c.h; path = TCHttpRequest.h; sourceTree = "<group>"; };
		E4889515146333D4007DE089 /* TCHttpRequest.m */ = {isa = PBXFileReference; fileEncoding = 4; lastKnownFileType = sourcecode.c.objc; path = TCHttpRequest.m; sourceTree = "<group>"; };
		E4889516146333D4007DE089 /* TCNetworkJob.h */ = {isa = PBXFileReference; fileEncoding = 4; lastKnownFileType = sourcecode.c.h; path = TCNetworkJob.h; sourceTree = "<group>"; };
		E4889517146333D4007DE089 /* TCNetworkJob.m */ = {isa = PBXFileReference; fileEncoding = 4; lastKnownFileType = sourcecode.c.objc; path = TCNetworkJob.m; sourceTree = "<group>"; };
		E4889518146333D4007DE089 /* TCNetworkManager.h */ = {isa = PBXFileReference; fileEncoding = 4; lastKnownFileType = sourcecode.c.h; path = TCNetworkManager.h; sourceTree = "<group>"; };
		E4889519146333D4007DE089 /* TCNetworkManager.m */ = {isa = PBXFileReference; fileEncoding = 4; lastKnownFileType = sourcecode.c.objc; path = TCNetworkManager.m; sourceTree = "<group>"; };
		E488951A146333D4007DE089 /* TCReachability.h */ = {isa = PBXFileReference; fileEncoding = 4; lastKnownFileType = sourcecode.c.h; path = TCReachability.h; sourceTree = "<group>"; };
		E488951B146333D4007DE089 /* TCReachability.m */ = {isa = PBXFileReference; fileEncoding = 4; lastKnownFileType = sourcecode.c.objc; path = TCReachability.m; sourceTree = "<group>"; };
		E488951C146333D4007DE089 /* TCRequest.h */ = {isa = PBXFileReference; fileEncoding = 4; lastKnownFileType = sourcecode.c.h; path = TCRequest.h; sourceTree = "<group>"; };
		E488951D146333D4007DE089 /* TCRequest.m */ = {isa = PBXFileReference; fileEncoding = 4; lastKnownFileType = sourcecode.c.objc; path = TCRequest.m; sourceTree = "<group>"; };
		E488951E146333D4007DE089 /* TCRequestFactory.h */ = {isa = PBXFileReference; fileEncoding = 4; lastKnownFileType = sourcecode.c.h; path = TCRequestFactory.h; sourceTree = "<group>"; };
		E488951F146333D4007DE089 /* TCRequestFactory.m */ = {isa = PBXFileReference; fileEncoding = 4; lastKnownFileType = sourcecode.c.objc; path = TCRequestFactory.m; sourceTree = "<group>"; };
		E488953314634096007DE089 /* JSON.h */ = {isa = PBXFileReference; fileEncoding = 4; lastKnownFileType = sourcecode.c.h; name = JSON.h; path = JSON/JSON.h; sourceTree = "<group>"; };
		E488953414634096007DE089 /* NSObject+SBJSON.h */ = {isa = PBXFileReference; fileEncoding = 4; lastKnownFileType = sourcecode.c.h; name = "NSObject+SBJSON.h"; path = "JSON/NSObject+SBJSON.h"; sourceTree = "<group>"; };
		E488953514634096007DE089 /* NSObject+SBJSON.m */ = {isa = PBXFileReference; fileEncoding = 4; lastKnownFileType = sourcecode.c.objc; name = "NSObject+SBJSON.m"; path = "JSON/NSObject+SBJSON.m"; sourceTree = "<group>"; };
		E488953614634096007DE089 /* NSString+SBJSON.h */ = {isa = PBXFileReference; fileEncoding = 4; lastKnownFileType = sourcecode.c.h; name = "NSString+SBJSON.h"; path = "JSON/NSString+SBJSON.h"; sourceTree = "<group>"; };
		E488953714634096007DE089 /* NSString+SBJSON.m */ = {isa = PBXFileReference; fileEncoding = 4; lastKnownFileType = sourcecode.c.objc; name = "NSString+SBJSON.m"; path = "JSON/NSString+SBJSON.m"; sourceTree = "<group>"; };
		E488953814634096007DE089 /* TCSBJSON.h */ = {isa = PBXFileReference; fileEncoding = 4; lastKnownFileType = sourcecode.c.h; name = TCSBJSON.h; path = JSON/TCSBJSON.h; sourceTree = "<group>"; };
		E488953914634096007DE089 /* TCSBJSON.m */ = {isa = PBXFileReference; fileEncoding = 4; lastKnownFileType = sourcecode.c.objc; name = TCSBJSON.m; path = JSON/TCSBJSON.m; sourceTree = "<group>"; };
		E488953A14634096007DE089 /* TCSBJsonBase.h */ = {isa = PBXFileReference; fileEncoding = 4; lastKnownFileType = sourcecode.c.h; name = TCSBJsonBase.h; path = JSON/TCSBJsonBase.h; sourceTree = "<group>"; };
		E488953B14634096007DE089 /* TCSBJsonBase.m */ = {isa = PBXFileReference; fileEncoding = 4; lastKnownFileType = sourcecode.c.objc; name = TCSBJsonBase.m; path = JSON/TCSBJsonBase.m; sourceTree = "<group>"; };
		E488953C14634096007DE089 /* TCSBJsonParser.h */ = {isa = PBXFileReference; fileEncoding = 4; lastKnownFileType = sourcecode.c.h; name = TCSBJsonParser.h; path = JSON/TCSBJsonParser.h; sourceTree = "<group>"; };
		E488953D14634096007DE089 /* TCSBJsonParser.m */ = {isa = PBXFileReference; fileEncoding = 4; lastKnownFileType = sourcecode.c.objc; name = TCSBJsonParser.m; path = JSON/TCSBJsonParser.m; sourceTree = "<group>"; };
		E488953E14634096007DE089 /* TCSBJsonWriter.h */ = {isa = PBXFileReference; fileEncoding = 4; lastKnownFileType = sourcecode.c.h; name = TCSBJsonWriter.h; path = JSON/TCSBJsonWriter.h; sourceTree = "<group>"; };
		E488953F14634096007DE089 /* TCSBJsonWriter.m */ = {isa = PBXFileReference; fileEncoding = 4; lastKnownFileType = sourcecode.c.objc; name = TCSBJsonWriter.m; path = JSON/TCSBJsonWriter.m; sourceTree = "<group>"; };
		E488954E14645CF5007DE089 /* NSException+TeraCode.h */ = {isa = PBXFileReference; fileEncoding = 4; lastKnownFileType = sourcecode.c.h; path = "NSException+TeraCode.h"; sourceTree = "<group>"; };
		E488954F14645CF5007DE089 /* NSException+TeraCode.m */ = {isa = PBXFileReference; fileEncoding = 4; lastKnownFileType = sourcecode.c.objc; path = "NSException+TeraCode.m"; sourceTree = "<group>"; };
		E488955214647D1E007DE089 /* NSDictionary+TeraCode.h */ = {isa = PBXFileReference; fileEncoding = 4; lastKnownFileType = sourcecode.c.h; path = "NSDictionary+TeraCode.h"; sourceTree = "<group>"; };
		E488955314647D1F007DE089 /* NSDictionary+TeraCode.m */ = {isa = PBXFileReference; fileEncoding = 4; lastKnownFileType = sourcecode.c.objc; path = "NSDictionary+TeraCode.m"; sourceTree = "<group>"; };
		E420F127146833E000F1F291 /* Tests.app */ = {isa = PBXFileReference; explicitFileType = wrapper.application; includeInIndex = 0; path = Tests.app; sourceTree = BUILT_PRODUCTS_DIR; };
		E420F12E146833E000F1F291 /* Tests-Info.plist */ = {isa = PBXFileReference; lastKnownFileType = text.plist.xml; path = "Tests-Info.plist"; sourceTree = "<group>"; };
		E420F130146833E000F1F291 /* en */ = {isa = PBXFileReference; lastKnownFileType = text.plist.strings; name = en; path = en.lproj/InfoPlist.strings; sourceTree = "<group>"; };
		E420F132146833E000F1F291 /* Tests-Prefix.pch */ = {isa = PBXFileReference; lastKnownFileType = sourcecode.c.h; path = "Tests-Prefix.pch"; sourceTree = "<group>"; };
		E420F133146833E000F1F291 /* main.m */ = {isa = PBXFileReference; lastKnownFileType = sourcecode.c.objc; path = main.m; sourceTree = "<group>"; };
		E420F14D14683E8F00F1F291 /* GHUnitIOS.framework */ = {isa = PBXFileReference; lastKnownFileType = wrapper.framework; name = GHUnitIOS.framework; path = Tests/GHUnitIOS.framework; sourceTree = "<group>"; };
		E420F1661468767300F1F291 /* TCTestCase.h */ = {isa = PBXFileReference; fileEncoding = 4; lastKnownFileType = sourcecode.c.h; path = TCTestCase.h; sourceTree = "<group>"; };
		E420F1671468767300F1F291 /* TCTestCase.m */ = {isa = PBXFileReference; fileEncoding = 4; lastKnownFileType = sourcecode.c.objc; path = TCTestCase.m; sourceTree = "<group>"; };
		E420F18C14697B2B00F1F291 /* NSNotificationCenter+OCMAdditions.h */ = {isa = PBXFileReference; fileEncoding = 4; lastKnownFileType = sourcecode.c.h; path = "NSNotificationCenter+OCMAdditions.h"; sourceTree = "<group>"; };
		E420F18D14697B2B00F1F291 /* OCMArg.h */ = {isa = PBXFileReference; fileEncoding = 4; lastKnownFileType = sourcecode.c.h; path = OCMArg.h; sourceTree = "<group>"; };
		E420F18E14697B2B00F1F291 /* OCMConstraint.h */ = {isa = PBXFileReference; fileEncoding = 4; lastKnownFileType = sourcecode.c.h; path = OCMConstraint.h; sourceTree = "<group>"; };
		E420F18F14697B2B00F1F291 /* OCMock.h */ = {isa = PBXFileReference; fileEncoding = 4; lastKnownFileType = sourcecode.c.h; path = OCMock.h; sourceTree = "<group>"; };
		E420F19014697B2B00F1F291 /* OCMockObject.h */ = {isa = PBXFileReference; fileEncoding = 4; lastKnownFileType = sourcecode.c.h; path = OCMockObject.h; sourceTree = "<group>"; };
		E420F19114697B2B00F1F291 /* OCMockRecorder.h */ = {isa = PBXFileReference; fileEncoding = 4; lastKnownFileType = sourcecode.c.h; path = OCMockRecorder.h; sourceTree = "<group>"; };
		E420F19214697B2B00F1F291 /* libOCMock.a */ = {isa = PBXFileReference; lastKnownFileType = archive.ar; path = libOCMock.a; sourceTree = "<group>"; };
		E493CB0B1461B59E00439946 /* README */ = {isa = PBXFileReference; fileEncoding = 4; lastKnownFileType = text; path = README; sourceTree = "<group>"; };
		E4C380201464C07A0011F6BC /* TCNullParser.h */ = {isa = PBXFileReference; fileEncoding = 4; lastKnownFileType = sourcecode.c.h; path = TCNullParser.h; sourceTree = "<group>"; };
		E4C380211464C07A0011F6BC /* TCNullParser.m */ = {isa = PBXFileReference; fileEncoding = 4; lastKnownFileType = sourcecode.c.objc; path = TCNullParser.m; sourceTree = "<group>"; };
/* End PBXFileReference section */

/* Begin PBXFrameworksBuildPhase section */
		9120E13A142798750071ACD6 /* Frameworks */ = {
			isa = PBXFrameworksBuildPhase;
			buildActionMask = 2147483647;
			files = (
				9120E1A01427AC690071ACD6 /* UIKit.framework in Frameworks */,
				9120E141142798750071ACD6 /* Foundation.framework in Frameworks */,
			);
			runOnlyForDeploymentPostprocessing = 0;
		};
		9120E146142798750071ACD6 /* Frameworks */ = {
			isa = PBXFrameworksBuildPhase;
			buildActionMask = 2147483647;
			files = (
				9120E14D142798750071ACD6 /* Foundation.framework in Frameworks */,
				9120E14F142798750071ACD6 /* CoreGraphics.framework in Frameworks */,
				9120E152142798750071ACD6 /* libTeracode.a in Frameworks */,
			);
			runOnlyForDeploymentPostprocessing = 0;
		};
		E420F124146833E000F1F291 /* Frameworks */ = {
			isa = PBXFrameworksBuildPhase;
			buildActionMask = 2147483647;
			files = (
				E420F14E14683E8F00F1F291 /* GHUnitIOS.framework in Frameworks */,
				E420F129146833E000F1F291 /* UIKit.framework in Frameworks */,
				E420F12A146833E000F1F291 /* Foundation.framework in Frameworks */,
				E420F12B146833E000F1F291 /* CoreGraphics.framework in Frameworks */,
				E420F19314697B2B00F1F291 /* libOCMock.a in Frameworks */,
			);
			runOnlyForDeploymentPostprocessing = 0;
		};
/* End PBXFrameworksBuildPhase section */

/* Begin PBXGroup section */
		218104DD14607557000BBDB9 /* LockUI */ = {
			isa = PBXGroup;
			children = (
				218104DF1460756E000BBDB9 /* TCLockUI.h */,
				218104E01460756E000BBDB9 /* TCLockUI.m */,
			);
			name = LockUI;
			sourceTree = "<group>";
		};
		388B98F3145880C1007990DE /* Components */ = {
			isa = PBXGroup;
			children = (
				E48894EE14632BC2007DE089 /* API Calls */,
				E48894EF14632BCC007DE089 /* Parsers */,
				E48894DA146327CA007DE089 /* Networking */,
				218104DD14607557000BBDB9 /* LockUI */,
				388B98F5145880C8007990DE /* Grid */,
			);
			name = Components;
			sourceTree = "<group>";
		};
		388B98F5145880C8007990DE /* Grid */ = {
			isa = PBXGroup;
			children = (
				388B98F614588125007990DE /* TCGridCellView.h */,
				388B98F714588125007990DE /* TCGridCellView.m */,
				388B98F814588125007990DE /* TCGridCellView+GridView.h */,
				388B98F914588125007990DE /* TCGridCellViewDelegate.h */,
				388B98FA14588125007990DE /* TCGridView.h */,
				388B98FB14588125007990DE /* TCGridView.m */,
				388B98FC14588125007990DE /* TCGridViewDataSource.h */,
				388B98FD14588125007990DE /* TCGridViewDelegate.h */,
			);
			name = Grid;
			sourceTree = "<group>";
		};
		9120E132142798740071ACD6 = {
			isa = PBXGroup;
			children = (
				9120E142142798750071ACD6 /* Teracode */,
				9120E153142798750071ACD6 /* TeracodeTests */,
				E420F12C146833E000F1F291 /* Tests */,
				9120E13F142798750071ACD6 /* Frameworks */,
				9120E13E142798750071ACD6 /* Products */,
			);
			sourceTree = "<group>";
		};
		9120E13E142798750071ACD6 /* Products */ = {
			isa = PBXGroup;
			children = (
				9120E13D142798750071ACD6 /* libTeracode.a */,
				9120E14A142798750071ACD6 /* TeracodeTests.octest */,
				E420F127146833E000F1F291 /* Tests.app */,
			);
			name = Products;
			sourceTree = "<group>";
		};
		9120E13F142798750071ACD6 /* Frameworks */ = {
			isa = PBXGroup;
			children = (
				E420F18914697B2B00F1F291 /* OCMock */,
				E420F14D14683E8F00F1F291 /* GHUnitIOS.framework */,
				9120E140142798750071ACD6 /* Foundation.framework */,
				9120E19F1427AC690071ACD6 /* UIKit.framework */,
				9120E14E142798750071ACD6 /* CoreGraphics.framework */,
			);
			name = Frameworks;
			sourceTree = "<group>";
		};
		9120E142142798750071ACD6 /* Teracode */ = {
			isa = PBXGroup;
			children = (
				E488954D14645CB2007DE089 /* Utils */,
				388B98F3145880C1007990DE /* Components */,
				9120E1981427A8EF0071ACD6 /* ViewController */,
				9120E18A14279BAD0071ACD6 /* ViewModel */,
				9120E16F142798B60071ACD6 /* TCAppDelegate.h */,
				9120E170142798B60071ACD6 /* TCAppDelegate.m */,
				9120E171142798B60071ACD6 /* TCAppDelegate+SwitchViews.m */,
				9120E143142798750071ACD6 /* Supporting Files */,
			);
			path = Teracode;
			sourceTree = "<group>";
		};
		9120E143142798750071ACD6 /* Supporting Files */ = {
			isa = PBXGroup;
			children = (
				E493CB0B1461B59E00439946 /* README */,
				9120E144142798750071ACD6 /* Teracode-Prefix.pch */,
			);
			name = "Supporting Files";
			sourceTree = "<group>";
		};
		9120E153142798750071ACD6 /* TeracodeTests */ = {
			isa = PBXGroup;
			children = (
				9120E15A142798750071ACD6 /* TeracodeTests.h */,
				9120E15C142798750071ACD6 /* TeracodeTests.m */,
				E420F1661468767300F1F291 /* TCTestCase.h */,
				E420F1671468767300F1F291 /* TCTestCase.m */,
				9120E154142798750071ACD6 /* Supporting Files */,
			);
			path = TeracodeTests;
			sourceTree = "<group>";
		};
		9120E154142798750071ACD6 /* Supporting Files */ = {
			isa = PBXGroup;
			children = (
				9120E155142798750071ACD6 /* TeracodeTests-Info.plist */,
				9120E156142798750071ACD6 /* InfoPlist.strings */,
				9120E159142798750071ACD6 /* TeracodeTests-Prefix.pch */,
			);
			name = "Supporting Files";
			sourceTree = "<group>";
		};
		9120E18A14279BAD0071ACD6 /* ViewModel */ = {
			isa = PBXGroup;
			children = (
				9120E19414279BDD0071ACD6 /* TCViewModel.h */,
				9120E19214279BDD0071ACD6 /* TCBaseViewModel.h */,
				9120E19314279BDD0071ACD6 /* TCBaseViewModel.m */,
				91FF41751430EB0A00293476 /* TCBaseListViewModel.h */,
				91FF41761430EB0A00293476 /* TCBaseListViewModel.m */,
			);
			name = ViewModel;
			sourceTree = "<group>";
		};
		9120E1981427A8EF0071ACD6 /* ViewController */ = {
			isa = PBXGroup;
			children = (
				9120E1991427A9050071ACD6 /* TCBaseViewController.h */,
				9120E19A1427A9050071ACD6 /* TCBaseViewController.m */,
				91FF41881430FA3700293476 /* TCTableViewController.h */,
				91FF41891430FA3700293476 /* TCTableViewController.m */,
				91FF418C1430FC1100293476 /* TCBaseListViewController.h */,
				91FF418D1430FC1100293476 /* TCBaseListViewController.m */,
			);
			name = ViewController;
			sourceTree = "<group>";
		};
		E48894DA146327CA007DE089 /* Networking */ = {
			isa = PBXGroup;
			children = (
				E488950E146333D4007DE089 /* TCAttachment.h */,
				E488950F146333D4007DE089 /* TCAttachment.m */,
				E4889510146333D4007DE089 /* TCFakeAPIRequest.h */,
				E4889511146333D4007DE089 /* TCFakeAPIRequest.m */,
				E4889512146333D4007DE089 /* TCFakeHTTPResponse.h */,
				E4889513146333D4007DE089 /* TCFakeHTTPResponse.m */,
				E4889514146333D4007DE089 /* TCHttpRequest.h */,
				E4889515146333D4007DE089 /* TCHttpRequest.m */,
				E4889516146333D4007DE089 /* TCNetworkJob.h */,
				E4889517146333D4007DE089 /* TCNetworkJob.m */,
				E4889518146333D4007DE089 /* TCNetworkManager.h */,
				E4889519146333D4007DE089 /* TCNetworkManager.m */,
				E488951A146333D4007DE089 /* TCReachability.h */,
				E488951B146333D4007DE089 /* TCReachability.m */,
				E488951C146333D4007DE089 /* TCRequest.h */,
				E488951D146333D4007DE089 /* TCRequest.m */,
				E488951E146333D4007DE089 /* TCRequestFactory.h */,
				E488951F146333D4007DE089 /* TCRequestFactory.m */,
			);
			path = Networking;
			sourceTree = "<group>";
		};
		E48894EE14632BC2007DE089 /* API Calls */ = {
			isa = PBXGroup;
			children = (
				E48894F0146333B4007DE089 /* TCAPICall.h */,
				E48894F1146333B4007DE089 /* TCAPICall.m */,
				E48894F2146333B4007DE089 /* TCFetchAPICall.h */,
				E48894F3146333B4007DE089 /* TCFetchAPICall.m */,
				E48894F4146333B4007DE089 /* TCPaginatedListAPICall.h */,
				E48894F5146333B4007DE089 /* TCPaginatedListAPICall.m */,
				E48894F6146333B4007DE089 /* TCServerCRUDAPICall.h */,
				E48894F7146333B4007DE089 /* TCServerCRUDAPICall.m */,
			);
			path = "API Calls";
			sourceTree = "<group>";
		};
		E48894EF14632BCC007DE089 /* Parsers */ = {
			isa = PBXGroup;
			children = (
				E48895321463407C007DE089 /* JSON */,
				E4889504146333C4007DE089 /* TCParser.h */,
				E4889500146333C4007DE089 /* TCJSONParser.h */,
				E4889501146333C4007DE089 /* TCJSONParser.m */,
				E4889505146333C4007DE089 /* TCTextParser.h */,
				E4889506146333C4007DE089 /* TCTextParser.m */,
				E4C380201464C07A0011F6BC /* TCNullParser.h */,
				E4C380211464C07A0011F6BC /* TCNullParser.m */,
			);
			path = Parsers;
			sourceTree = "<group>";
		};
		E48895321463407C007DE089 /* JSON */ = {
			isa = PBXGroup;
			children = (
				E488953314634096007DE089 /* JSON.h */,
				E488953414634096007DE089 /* NSObject+SBJSON.h */,
				E488953514634096007DE089 /* NSObject+SBJSON.m */,
				E488953614634096007DE089 /* NSString+SBJSON.h */,
				E488953714634096007DE089 /* NSString+SBJSON.m */,
				E488953814634096007DE089 /* TCSBJSON.h */,
				E488953914634096007DE089 /* TCSBJSON.m */,
				E488953A14634096007DE089 /* TCSBJsonBase.h */,
				E488953B14634096007DE089 /* TCSBJsonBase.m */,
				E488953C14634096007DE089 /* TCSBJsonParser.h */,
				E488953D14634096007DE089 /* TCSBJsonParser.m */,
				E488953E14634096007DE089 /* TCSBJsonWriter.h */,
				E488953F14634096007DE089 /* TCSBJsonWriter.m */,
			);
			name = JSON;
			sourceTree = "<group>";
		};
		E488954D14645CB2007DE089 /* Utils */ = {
			isa = PBXGroup;
			children = (
				E488954E14645CF5007DE089 /* NSException+TeraCode.h */,
				E488954F14645CF5007DE089 /* NSException+TeraCode.m */,
				E488955214647D1E007DE089 /* NSDictionary+TeraCode.h */,
				E488955314647D1F007DE089 /* NSDictionary+TeraCode.m */,
				210EB9AE146C22E0005FE7C9 /* UIAlertView+Teracode.h */,
				210EB9AF146C22E0005FE7C9 /* UIAlertView+Teracode.m */,
				210EB9B7146C2412005FE7C9 /* UIView+Teracode.h */,
				210EB9B8146C2412005FE7C9 /* UIView+Teracode.m */,
				210EB9EF146C38DB005FE7C9 /* TCSingleton.h */,
				210EB9F0146C38DB005FE7C9 /* TCSingleton.m */,
				216C633914715AFB001289C2 /* UIView+TestCategoryView.h */,
				216C633A14715AFB001289C2 /* UIView+TestCategoryView.m */,
			);
			path = Utils;
			sourceTree = "<group>";
                };
		E420F12C146833E000F1F291 /* Tests */ = {
			isa = PBXGroup;
			children = (
				E420F12D146833E000F1F291 /* Supporting Files */,
			);
			path = Tests;
			sourceTree = "<group>";
		};
		E420F12D146833E000F1F291 /* Supporting Files */ = {
			isa = PBXGroup;
			children = (
				E420F12E146833E000F1F291 /* Tests-Info.plist */,
				E420F12F146833E000F1F291 /* InfoPlist.strings */,
				E420F132146833E000F1F291 /* Tests-Prefix.pch */,
				E420F133146833E000F1F291 /* main.m */,
			);
			name = "Supporting Files";
			sourceTree = "<group>";
		};
		E420F18914697B2B00F1F291 /* OCMock */ = {
			isa = PBXGroup;
			children = (
				E420F18A14697B2B00F1F291 /* Headers */,
				E420F19214697B2B00F1F291 /* libOCMock.a */,
			);
			name = OCMock;
			path = Tests/OCMock;
			sourceTree = "<group>";
		};
		E420F18A14697B2B00F1F291 /* Headers */ = {
			isa = PBXGroup;
			children = (
				E420F18B14697B2B00F1F291 /* OCMock */,
			);
			path = Headers;
			sourceTree = "<group>";
		};
		E420F18B14697B2B00F1F291 /* OCMock */ = {
			isa = PBXGroup;
			children = (
				E420F18C14697B2B00F1F291 /* NSNotificationCenter+OCMAdditions.h */,
				E420F18D14697B2B00F1F291 /* OCMArg.h */,
				E420F18E14697B2B00F1F291 /* OCMConstraint.h */,
				E420F18F14697B2B00F1F291 /* OCMock.h */,
				E420F19014697B2B00F1F291 /* OCMockObject.h */,
				E420F19114697B2B00F1F291 /* OCMockRecorder.h */,
			);
			path = OCMock;
			sourceTree = "<group>";
		};
/* End PBXGroup section */

/* Begin PBXHeadersBuildPhase section */
		9120E13B142798750071ACD6 /* Headers */ = {
			isa = PBXHeadersBuildPhase;
			buildActionMask = 2147483647;
			files = (
				9120E172142798B60071ACD6 /* TCAppDelegate.h in Headers */,
				9120E19514279BDD0071ACD6 /* TCBaseViewModel.h in Headers */,
				9120E19714279BDD0071ACD6 /* TCViewModel.h in Headers */,
				9120E19B1427A9050071ACD6 /* TCBaseViewController.h in Headers */,
				91FF41771430EB0A00293476 /* TCBaseListViewModel.h in Headers */,
				91FF418A1430FA3700293476 /* TCTableViewController.h in Headers */,
				91FF418E1430FC1100293476 /* TCBaseListViewController.h in Headers */,
				388B98FE14588125007990DE /* TCGridCellView.h in Headers */,
				388B990014588125007990DE /* TCGridCellView+GridView.h in Headers */,
				388B990114588125007990DE /* TCGridCellViewDelegate.h in Headers */,
				388B990214588125007990DE /* TCGridView.h in Headers */,
				388B990414588125007990DE /* TCGridViewDataSource.h in Headers */,
				388B990514588125007990DE /* TCGridViewDelegate.h in Headers */,
				218104E11460756E000BBDB9 /* TCLockUI.h in Headers */,
				E48894F8146333B4007DE089 /* TCAPICall.h in Headers */,
				E48894FA146333B4007DE089 /* TCFetchAPICall.h in Headers */,
				E48894FC146333B4007DE089 /* TCPaginatedListAPICall.h in Headers */,
				E48894FE146333B4007DE089 /* TCServerCRUDAPICall.h in Headers */,
				E4889507146333C4007DE089 /* TCJSONParser.h in Headers */,
				E488950B146333C4007DE089 /* TCParser.h in Headers */,
				E488950C146333C4007DE089 /* TCTextParser.h in Headers */,
				E4889520146333D4007DE089 /* TCAttachment.h in Headers */,
				E4889522146333D4007DE089 /* TCFakeAPIRequest.h in Headers */,
				E4889524146333D4007DE089 /* TCFakeHTTPResponse.h in Headers */,
				E4889526146333D4007DE089 /* TCHttpRequest.h in Headers */,
				E4889528146333D4007DE089 /* TCNetworkJob.h in Headers */,
				E488952A146333D4007DE089 /* TCNetworkManager.h in Headers */,
				E488952C146333D4007DE089 /* TCReachability.h in Headers */,
				E488952E146333D4007DE089 /* TCRequest.h in Headers */,
				E4889530146333D4007DE089 /* TCRequestFactory.h in Headers */,
				E488954014634096007DE089 /* JSON.h in Headers */,
				E488954114634096007DE089 /* NSObject+SBJSON.h in Headers */,
				E488954314634096007DE089 /* NSString+SBJSON.h in Headers */,
				E488954514634096007DE089 /* TCSBJSON.h in Headers */,
				E488954714634096007DE089 /* TCSBJsonBase.h in Headers */,
				E488954914634096007DE089 /* TCSBJsonParser.h in Headers */,
				E488954B14634096007DE089 /* TCSBJsonWriter.h in Headers */,
				E488955014645CF5007DE089 /* NSException+TeraCode.h in Headers */,
				E488955414647D1F007DE089 /* NSDictionary+TeraCode.h in Headers */,
				E4C380221464C07A0011F6BC /* TCNullParser.h in Headers */,
				210EB9B0146C22E0005FE7C9 /* UIAlertView+Teracode.h in Headers */,
				210EB9B9146C2412005FE7C9 /* UIView+Teracode.h in Headers */,
				210EB9F1146C38DB005FE7C9 /* TCSingleton.h in Headers */,
				216C633B14715AFC001289C2 /* UIView+TestCategoryView.h in Headers */,
			);
			runOnlyForDeploymentPostprocessing = 0;
		};
/* End PBXHeadersBuildPhase section */

/* Begin PBXNativeTarget section */
		9120E13C142798750071ACD6 /* Teracode */ = {
			isa = PBXNativeTarget;
			buildConfigurationList = 9120E160142798750071ACD6 /* Build configuration list for PBXNativeTarget "Teracode" */;
			buildPhases = (
				9120E139142798750071ACD6 /* Sources */,
				9120E13A142798750071ACD6 /* Frameworks */,
				9120E13B142798750071ACD6 /* Headers */,
			);
			buildRules = (
			);
			dependencies = (
			);
			name = Teracode;
			productName = Teracode;
			productReference = 9120E13D142798750071ACD6 /* libTeracode.a */;
			productType = "com.apple.product-type.library.static";
		};
		9120E149142798750071ACD6 /* TeracodeTests */ = {
			isa = PBXNativeTarget;
			buildConfigurationList = 9120E163142798750071ACD6 /* Build configuration list for PBXNativeTarget "TeracodeTests" */;
			buildPhases = (
				9120E145142798750071ACD6 /* Sources */,
				9120E146142798750071ACD6 /* Frameworks */,
				9120E147142798750071ACD6 /* Resources */,
				9120E148142798750071ACD6 /* ShellScript */,
			);
			buildRules = (
			);
			dependencies = (
				9120E151142798750071ACD6 /* PBXTargetDependency */,
			);
			name = TeracodeTests;
			productName = TeracodeTests;
			productReference = 9120E14A142798750071ACD6 /* TeracodeTests.octest */;
			productType = "com.apple.product-type.bundle";
		};
		E420F126146833E000F1F291 /* Tests */ = {
			isa = PBXNativeTarget;
			buildConfigurationList = E420F149146833E000F1F291 /* Build configuration list for PBXNativeTarget "Tests" */;
			buildPhases = (
				E420F123146833E000F1F291 /* Sources */,
				E420F124146833E000F1F291 /* Frameworks */,
				E420F125146833E000F1F291 /* Resources */,
			);
			buildRules = (
			);
			dependencies = (
			);
			name = Tests;
			productName = Tests;
			productReference = E420F127146833E000F1F291 /* Tests.app */;
			productType = "com.apple.product-type.application";
		};
/* End PBXNativeTarget section */

/* Begin PBXProject section */
		9120E134142798740071ACD6 /* Project object */ = {
			isa = PBXProject;
			attributes = {
				ORGANIZATIONNAME = Teracode;
			};
			buildConfigurationList = 9120E137142798740071ACD6 /* Build configuration list for PBXProject "Teracode" */;
			compatibilityVersion = "Xcode 3.2";
			developmentRegion = English;
			hasScannedForEncodings = 0;
			knownRegions = (
				en,
			);
			mainGroup = 9120E132142798740071ACD6;
			productRefGroup = 9120E13E142798750071ACD6 /* Products */;
			projectDirPath = "";
			projectRoot = "";
			targets = (
				9120E13C142798750071ACD6 /* Teracode */,
				9120E149142798750071ACD6 /* TeracodeTests */,
				E420F126146833E000F1F291 /* Tests */,
			);
		};
/* End PBXProject section */

/* Begin PBXResourcesBuildPhase section */
		9120E147142798750071ACD6 /* Resources */ = {
			isa = PBXResourcesBuildPhase;
			buildActionMask = 2147483647;
			files = (
				9120E158142798750071ACD6 /* InfoPlist.strings in Resources */,
				9120E15B142798750071ACD6 /* TeracodeTests.h in Resources */,
			);
			runOnlyForDeploymentPostprocessing = 0;
		};
		E420F125146833E000F1F291 /* Resources */ = {
			isa = PBXResourcesBuildPhase;
			buildActionMask = 2147483647;
			files = (
				E420F131146833E000F1F291 /* InfoPlist.strings in Resources */,
			);
			runOnlyForDeploymentPostprocessing = 0;
		};
/* End PBXResourcesBuildPhase section */

/* Begin PBXShellScriptBuildPhase section */
		9120E148142798750071ACD6 /* ShellScript */ = {
			isa = PBXShellScriptBuildPhase;
			buildActionMask = 2147483647;
			files = (
			);
			inputPaths = (
			);
			outputPaths = (
			);
			runOnlyForDeploymentPostprocessing = 0;
			shellPath = /bin/sh;
			shellScript = "# Run the unit tests in this test bundle.\n\"${SYSTEM_DEVELOPER_DIR}/Tools/RunUnitTests\"\n";
		};
/* End PBXShellScriptBuildPhase section */

/* Begin PBXSourcesBuildPhase section */
		9120E139142798750071ACD6 /* Sources */ = {
			isa = PBXSourcesBuildPhase;
			buildActionMask = 2147483647;
			files = (
				9120E173142798B60071ACD6 /* TCAppDelegate.m in Sources */,
				9120E174142798B60071ACD6 /* TCAppDelegate+SwitchViews.m in Sources */,
				9120E19614279BDD0071ACD6 /* TCBaseViewModel.m in Sources */,
				9120E19C1427A9050071ACD6 /* TCBaseViewController.m in Sources */,
				91FF41781430EB0A00293476 /* TCBaseListViewModel.m in Sources */,
				91FF418B1430FA3700293476 /* TCTableViewController.m in Sources */,
				91FF418F1430FC1100293476 /* TCBaseListViewController.m in Sources */,
				388B98FF14588125007990DE /* TCGridCellView.m in Sources */,
				388B990314588125007990DE /* TCGridView.m in Sources */,
				218104E21460756E000BBDB9 /* TCLockUI.m in Sources */,
				E48894F9146333B4007DE089 /* TCAPICall.m in Sources */,
				E48894FB146333B4007DE089 /* TCFetchAPICall.m in Sources */,
				E48894FD146333B4007DE089 /* TCPaginatedListAPICall.m in Sources */,
				E48894FF146333B4007DE089 /* TCServerCRUDAPICall.m in Sources */,
				E4889508146333C4007DE089 /* TCJSONParser.m in Sources */,
				E488950D146333C4007DE089 /* TCTextParser.m in Sources */,
				E4889521146333D4007DE089 /* TCAttachment.m in Sources */,
				E4889523146333D4007DE089 /* TCFakeAPIRequest.m in Sources */,
				E4889525146333D4007DE089 /* TCFakeHTTPResponse.m in Sources */,
				E4889527146333D4007DE089 /* TCHttpRequest.m in Sources */,
				E4889529146333D4007DE089 /* TCNetworkJob.m in Sources */,
				E488952B146333D4007DE089 /* TCNetworkManager.m in Sources */,
				E488952D146333D4007DE089 /* TCReachability.m in Sources */,
				E488952F146333D4007DE089 /* TCRequest.m in Sources */,
				E4889531146333D4007DE089 /* TCRequestFactory.m in Sources */,
				E488954214634096007DE089 /* NSObject+SBJSON.m in Sources */,
				E488954414634096007DE089 /* NSString+SBJSON.m in Sources */,
				E488954614634096007DE089 /* TCSBJSON.m in Sources */,
				E488954814634096007DE089 /* TCSBJsonBase.m in Sources */,
				E488954A14634096007DE089 /* TCSBJsonParser.m in Sources */,
				E488954C14634096007DE089 /* TCSBJsonWriter.m in Sources */,
				E488955114645CF5007DE089 /* NSException+TeraCode.m in Sources */,
				E488955514647D1F007DE089 /* NSDictionary+TeraCode.m in Sources */,
				E4C380231464C07A0011F6BC /* TCNullParser.m in Sources */,
				210EB9B1146C22E0005FE7C9 /* UIAlertView+Teracode.m in Sources */,
				210EB9BA146C2412005FE7C9 /* UIView+Teracode.m in Sources */,
				210EB9F2146C38DB005FE7C9 /* TCSingleton.m in Sources */,
				216C633C14715AFC001289C2 /* UIView+TestCategoryView.m in Sources */,
			);
			runOnlyForDeploymentPostprocessing = 0;
		};
		9120E145142798750071ACD6 /* Sources */ = {
			isa = PBXSourcesBuildPhase;
			buildActionMask = 2147483647;
			files = (
			);
			runOnlyForDeploymentPostprocessing = 0;
		};
		E420F123146833E000F1F291 /* Sources */ = {
			isa = PBXSourcesBuildPhase;
			buildActionMask = 2147483647;
			files = (
				E420F134146833E000F1F291 /* main.m in Sources */,
				E420F14F1468576700F1F291 /* TeracodeTests.m in Sources */,
				E420F1681468767300F1F291 /* TCTestCase.m in Sources */,
			);
			runOnlyForDeploymentPostprocessing = 0;
		};
/* End PBXSourcesBuildPhase section */

/* Begin PBXTargetDependency section */
		9120E151142798750071ACD6 /* PBXTargetDependency */ = {
			isa = PBXTargetDependency;
			target = 9120E13C142798750071ACD6 /* Teracode */;
			targetProxy = 9120E150142798750071ACD6 /* PBXContainerItemProxy */;
		};
/* End PBXTargetDependency section */

/* Begin PBXVariantGroup section */
		9120E156142798750071ACD6 /* InfoPlist.strings */ = {
			isa = PBXVariantGroup;
			children = (
				9120E157142798750071ACD6 /* en */,
			);
			name = InfoPlist.strings;
			sourceTree = "<group>";
		};
		E420F12F146833E000F1F291 /* InfoPlist.strings */ = {
			isa = PBXVariantGroup;
			children = (
				E420F130146833E000F1F291 /* en */,
			);
			name = InfoPlist.strings;
			sourceTree = "<group>";
		};
/* End PBXVariantGroup section */

/* Begin XCBuildConfiguration section */
		9120E15E142798750071ACD6 /* Debug */ = {
			isa = XCBuildConfiguration;
			buildSettings = {
				ARCHS = "$(ARCHS_STANDARD_32_BIT)";
				DEAD_CODE_STRIPPING = NO;
				GCC_C_LANGUAGE_STANDARD = gnu99;
				GCC_OPTIMIZATION_LEVEL = 0;
				GCC_PREPROCESSOR_DEFINITIONS = DEBUG;
				GCC_SYMBOLS_PRIVATE_EXTERN = NO;
				GCC_VERSION = com.apple.compilers.llvmgcc42;
				GCC_WARN_ABOUT_RETURN_TYPE = YES;
				GCC_WARN_UNUSED_VARIABLE = YES;
				IPHONEOS_DEPLOYMENT_TARGET = 4.3;
				SDKROOT = iphoneos;
				SKIP_INSTALL = YES;
			};
			name = Debug;
		};
		9120E15F142798750071ACD6 /* Release */ = {
			isa = XCBuildConfiguration;
			buildSettings = {
				ARCHS = "$(ARCHS_STANDARD_32_BIT)";
				DEAD_CODE_STRIPPING = NO;
				GCC_C_LANGUAGE_STANDARD = gnu99;
				GCC_VERSION = com.apple.compilers.llvmgcc42;
				GCC_WARN_ABOUT_RETURN_TYPE = YES;
				GCC_WARN_UNUSED_VARIABLE = YES;
				IPHONEOS_DEPLOYMENT_TARGET = 4.3;
				SDKROOT = iphoneos;
				SKIP_INSTALL = YES;
			};
			name = Release;
		};
		9120E161142798750071ACD6 /* Debug */ = {
			isa = XCBuildConfiguration;
			buildSettings = {
				ALWAYS_SEARCH_USER_PATHS = NO;
				COPY_PHASE_STRIP = NO;
				DSTROOT = /tmp/Teracode.dst;
				FRAMEWORK_SEARCH_PATHS = (
					"$(inherited)",
					"\"$(SRCROOT)/Tests\"",
				);
				GCC_PRECOMPILE_PREFIX_HEADER = YES;
				GCC_PREFIX_HEADER = "Teracode/Teracode-Prefix.pch";
				OTHER_LDFLAGS = "-ObjC";
				PRODUCT_NAME = "$(TARGET_NAME)";
			};
			name = Debug;
		};
		9120E162142798750071ACD6 /* Release */ = {
			isa = XCBuildConfiguration;
			buildSettings = {
				ALWAYS_SEARCH_USER_PATHS = NO;
				DSTROOT = /tmp/Teracode.dst;
				FRAMEWORK_SEARCH_PATHS = (
					"$(inherited)",
					"\"$(SRCROOT)/Tests\"",
				);
				GCC_PRECOMPILE_PREFIX_HEADER = YES;
				GCC_PREFIX_HEADER = "Teracode/Teracode-Prefix.pch";
				OTHER_LDFLAGS = "-ObjC";
				PRODUCT_NAME = "$(TARGET_NAME)";
			};
			name = Release;
		};
		9120E164142798750071ACD6 /* Debug */ = {
			isa = XCBuildConfiguration;
			buildSettings = {
				ALWAYS_SEARCH_USER_PATHS = NO;
				FRAMEWORK_SEARCH_PATHS = (
					"$(SDKROOT)/Developer/Library/Frameworks",
					"$(DEVELOPER_LIBRARY_DIR)/Frameworks",
				);
				GCC_PRECOMPILE_PREFIX_HEADER = YES;
				GCC_PREFIX_HEADER = "TeracodeTests/TeracodeTests-Prefix.pch";
				INFOPLIST_FILE = "TeracodeTests/TeracodeTests-Info.plist";
				OTHER_LDFLAGS = (
					"-framework",
					SenTestingKit,
				);
				PRODUCT_NAME = "$(TARGET_NAME)";
				WRAPPER_EXTENSION = octest;
			};
			name = Debug;
		};
		9120E165142798750071ACD6 /* Release */ = {
			isa = XCBuildConfiguration;
			buildSettings = {
				ALWAYS_SEARCH_USER_PATHS = NO;
				FRAMEWORK_SEARCH_PATHS = (
					"$(SDKROOT)/Developer/Library/Frameworks",
					"$(DEVELOPER_LIBRARY_DIR)/Frameworks",
				);
				GCC_PRECOMPILE_PREFIX_HEADER = YES;
				GCC_PREFIX_HEADER = "TeracodeTests/TeracodeTests-Prefix.pch";
				INFOPLIST_FILE = "TeracodeTests/TeracodeTests-Info.plist";
				OTHER_LDFLAGS = (
					"-framework",
					SenTestingKit,
				);
				PRODUCT_NAME = "$(TARGET_NAME)";
				WRAPPER_EXTENSION = octest;
			};
			name = Release;
		};
		E420F146146833E000F1F291 /* Debug */ = {
			isa = XCBuildConfiguration;
			buildSettings = {
				ALWAYS_SEARCH_USER_PATHS = NO;
				"CODE_SIGN_IDENTITY[sdk=iphoneos*]" = "iPhone Developer";
				COPY_PHASE_STRIP = NO;
				FRAMEWORK_SEARCH_PATHS = (
					"$(inherited)",
					"$(SRCROOT)/Tests",
				);
				GCC_DYNAMIC_NO_PIC = NO;
				GCC_PRECOMPILE_PREFIX_HEADER = YES;
				GCC_PREFIX_HEADER = "Tests/Tests-Prefix.pch";
				HEADER_SEARCH_PATHS = "$(SRCROOT)/Tests/OCMock/Headers";
				INFOPLIST_FILE = "Tests/Tests-Info.plist";
				LIBRARY_SEARCH_PATHS = (
					"$(inherited)",
					"$(SRCROOT)/Tests/OCMock",
				);
				OTHER_LDFLAGS = (
					"-ObjC",
					"-all_load",
				);
				PRODUCT_NAME = "$(TARGET_NAME)";
				TARGETED_DEVICE_FAMILY = "1,2";
				WRAPPER_EXTENSION = app;
			};
			name = Debug;
		};
		E420F147146833E000F1F291 /* Release */ = {
			isa = XCBuildConfiguration;
			buildSettings = {
				ALWAYS_SEARCH_USER_PATHS = NO;
				"CODE_SIGN_IDENTITY[sdk=iphoneos*]" = "iPhone Developer";
				COPY_PHASE_STRIP = YES;
				FRAMEWORK_SEARCH_PATHS = (
					"$(inherited)",
					"$(SRCROOT)/Tests",
				);
				GCC_PRECOMPILE_PREFIX_HEADER = YES;
				GCC_PREFIX_HEADER = "Tests/Tests-Prefix.pch";
				HEADER_SEARCH_PATHS = "$(SRCROOT)/Tests/OCMock/Headers";
				INFOPLIST_FILE = "Tests/Tests-Info.plist";
				LIBRARY_SEARCH_PATHS = (
					"$(inherited)",
					"$(SRCROOT)/Tests/OCMock",
				);
				OTHER_CFLAGS = "-DNS_BLOCK_ASSERTIONS=1";
				OTHER_LDFLAGS = (
					"-ObjC",
					"-all_load",
				);
				PRODUCT_NAME = "$(TARGET_NAME)";
				TARGETED_DEVICE_FAMILY = "1,2";
				VALIDATE_PRODUCT = YES;
				WRAPPER_EXTENSION = app;
			};
			name = Release;
		};
		E420F148146833E000F1F291 /* Distribution */ = {
			isa = XCBuildConfiguration;
			buildSettings = {
				ALWAYS_SEARCH_USER_PATHS = NO;
				"CODE_SIGN_IDENTITY[sdk=iphoneos*]" = "iPhone Developer";
				COPY_PHASE_STRIP = YES;
				FRAMEWORK_SEARCH_PATHS = (
					"$(inherited)",
					"$(SRCROOT)/Tests",
				);
				GCC_PRECOMPILE_PREFIX_HEADER = YES;
				GCC_PREFIX_HEADER = "Tests/Tests-Prefix.pch";
				HEADER_SEARCH_PATHS = "$(SRCROOT)/Tests/OCMock/Headers";
				INFOPLIST_FILE = "Tests/Tests-Info.plist";
				LIBRARY_SEARCH_PATHS = (
					"$(inherited)",
					"$(SRCROOT)/Tests/OCMock",
				);
				OTHER_CFLAGS = "-DNS_BLOCK_ASSERTIONS=1";
				OTHER_LDFLAGS = (
					"-ObjC",
					"-all_load",
				);
				PRODUCT_NAME = "$(TARGET_NAME)";
				TARGETED_DEVICE_FAMILY = "1,2";
				VALIDATE_PRODUCT = YES;
				WRAPPER_EXTENSION = app;
			};
			name = Distribution;
		};
		E493CADF145E2BFD00439946 /* Distribution */ = {
			isa = XCBuildConfiguration;
			buildSettings = {
				ARCHS = "$(ARCHS_STANDARD_32_BIT)";
				DEAD_CODE_STRIPPING = NO;
				GCC_C_LANGUAGE_STANDARD = gnu99;
				GCC_VERSION = com.apple.compilers.llvmgcc42;
				GCC_WARN_ABOUT_RETURN_TYPE = YES;
				GCC_WARN_UNUSED_VARIABLE = YES;
				IPHONEOS_DEPLOYMENT_TARGET = 4.3;
				SDKROOT = iphoneos;
				SKIP_INSTALL = YES;
			};
			name = Distribution;
		};
		E493CAE0145E2BFD00439946 /* Distribution */ = {
			isa = XCBuildConfiguration;
			buildSettings = {
				ALWAYS_SEARCH_USER_PATHS = NO;
				DSTROOT = /tmp/Teracode.dst;
				FRAMEWORK_SEARCH_PATHS = (
					"$(inherited)",
					"\"$(SRCROOT)/Tests\"",
				);
				GCC_PRECOMPILE_PREFIX_HEADER = YES;
				GCC_PREFIX_HEADER = "Teracode/Teracode-Prefix.pch";
				OTHER_LDFLAGS = "-ObjC";
				PRODUCT_NAME = "$(TARGET_NAME)";
			};
			name = Distribution;
		};
		E493CAE1145E2BFD00439946 /* Distribution */ = {
			isa = XCBuildConfiguration;
			buildSettings = {
				ALWAYS_SEARCH_USER_PATHS = NO;
				FRAMEWORK_SEARCH_PATHS = (
					"$(SDKROOT)/Developer/Library/Frameworks",
					"$(DEVELOPER_LIBRARY_DIR)/Frameworks",
				);
				GCC_PRECOMPILE_PREFIX_HEADER = YES;
				GCC_PREFIX_HEADER = "TeracodeTests/TeracodeTests-Prefix.pch";
				INFOPLIST_FILE = "TeracodeTests/TeracodeTests-Info.plist";
				OTHER_LDFLAGS = (
					"-framework",
					SenTestingKit,
				);
				PRODUCT_NAME = "$(TARGET_NAME)";
				WRAPPER_EXTENSION = octest;
			};
			name = Distribution;
		};
/* End XCBuildConfiguration section */

/* Begin XCConfigurationList section */
		9120E137142798740071ACD6 /* Build configuration list for PBXProject "Teracode" */ = {
			isa = XCConfigurationList;
			buildConfigurations = (
				9120E15E142798750071ACD6 /* Debug */,
				9120E15F142798750071ACD6 /* Release */,
				E493CADF145E2BFD00439946 /* Distribution */,
			);
			defaultConfigurationIsVisible = 0;
			defaultConfigurationName = Release;
		};
		9120E160142798750071ACD6 /* Build configuration list for PBXNativeTarget "Teracode" */ = {
			isa = XCConfigurationList;
			buildConfigurations = (
				9120E161142798750071ACD6 /* Debug */,
				9120E162142798750071ACD6 /* Release */,
				E493CAE0145E2BFD00439946 /* Distribution */,
			);
			defaultConfigurationIsVisible = 0;
			defaultConfigurationName = Release;
		};
		9120E163142798750071ACD6 /* Build configuration list for PBXNativeTarget "TeracodeTests" */ = {
			isa = XCConfigurationList;
			buildConfigurations = (
				9120E164142798750071ACD6 /* Debug */,
				9120E165142798750071ACD6 /* Release */,
				E493CAE1145E2BFD00439946 /* Distribution */,
			);
			defaultConfigurationIsVisible = 0;
			defaultConfigurationName = Release;
		};
		E420F149146833E000F1F291 /* Build configuration list for PBXNativeTarget "Tests" */ = {
			isa = XCConfigurationList;
			buildConfigurations = (
				E420F146146833E000F1F291 /* Debug */,
				E420F147146833E000F1F291 /* Release */,
				E420F148146833E000F1F291 /* Distribution */,
			);
			defaultConfigurationIsVisible = 0;
			defaultConfigurationName = Release;
		};
/* End XCConfigurationList section */
	};
	rootObject = 9120E134142798740071ACD6 /* Project object */;
}
